{
  "version": 4,
  "terraform_version": "0.14.6",
  "serial": 1,
  "lineage": "c0e0b086-f792-36fc-51f0-c292469ab615",
  "outputs": {},
  "resources": [
    {
      "mode": "data",
      "type": "aws_kms_key",
      "name": "sse_key",
      "provider": "provider[\"registry.terraform.io/hashicorp/aws\"]",
      "instances": [
        {
          "schema_version": 0,
          "attributes": {
            "arn": "arn:aws:kms:us-east-1:915522815907:key/b72f2556-51a1-4d89-bc6d-1865172516e0",
            "aws_account_id": "915522815907",
            "creation_date": "2021-11-07T20:43:32Z",
            "customer_master_key_spec": "SYMMETRIC_DEFAULT",
            "deletion_date": null,
            "description": "S3 SSE Key",
            "enabled": true,
            "expiration_model": "",
            "grant_tokens": null,
            "id": "b72f2556-51a1-4d89-bc6d-1865172516e0",
            "key_id": "alias/s3-sse-key",
            "key_manager": "CUSTOMER",
            "key_state": "Enabled",
            "key_usage": "ENCRYPT_DECRYPT",
            "multi_region": false,
            "multi_region_configuration": [],
            "origin": "AWS_KMS",
            "valid_to": null
          },
          "sensitive_attributes": []
        }
      ]
    },
    {
      "mode": "managed",
      "type": "aws_s3_bucket",
      "name": "kms_lab_bucket",
      "provider": "provider[\"registry.terraform.io/hashicorp/aws\"]",
      "instances": [
        {
          "schema_version": 0,
          "attributes": {
            "acceleration_status": "",
            "acl": "private",
            "arn": "arn:aws:s3:::kms-lab-bucket-2430578",
            "bucket": "kms-lab-bucket-2430578",
            "bucket_domain_name": "kms-lab-bucket-2430578.s3.amazonaws.com",
            "bucket_prefix": null,
            "bucket_regional_domain_name": "kms-lab-bucket-2430578.s3.amazonaws.com",
            "cors_rule": [],
            "force_destroy": false,
            "grant": [],
            "hosted_zone_id": "Z3AQBSTGFYJSTF",
            "id": "kms-lab-bucket-2430578",
            "lifecycle_rule": [],
            "logging": [],
            "object_lock_configuration": [],
            "policy": null,
            "region": "us-east-1",
            "replication_configuration": [],
            "request_payer": "BucketOwner",
            "server_side_encryption_configuration": [
              {
                "rule": [
                  {
                    "apply_server_side_encryption_by_default": [
                      {
                        "kms_master_key_id": "arn:aws:kms:us-east-1:915522815907:key/b72f2556-51a1-4d89-bc6d-1865172516e0",
                        "sse_algorithm": "aws:kms"
                      }
                    ],
                    "bucket_key_enabled": false
                  }
                ]
              }
            ],
            "tags": null,
            "tags_all": {},
            "versioning": [
              {
                "enabled": false,
                "mfa_delete": false
              }
            ],
            "website": [],
            "website_domain": null,
            "website_endpoint": null
          },
          "sensitive_attributes": [],
          "private": "bnVsbA==",
          "dependencies": [
            "data.aws_kms_key.sse_key"
          ]
        }
      ]
    }
  ]
}
